// !$*UTF8*$!
{
	archiveVersion = 1;
	classes = {
	};
	objectVersion = 50;
	objects = {

/* Begin PBXBuildFile section */
		172F332E223251C20081B439 /* AppDelegate.swift in Sources */ = {isa = PBXBuildFile; fileRef = 172F332D223251C20081B439 /* AppDelegate.swift */; };
		172F3330223251C20081B439 /* ViewController.swift in Sources */ = {isa = PBXBuildFile; fileRef = 172F332F223251C20081B439 /* ViewController.swift */; };
		172F3333223251C20081B439 /* Main.storyboard in Resources */ = {isa = PBXBuildFile; fileRef = 172F3331223251C20081B439 /* Main.storyboard */; };
		172F3335223251C30081B439 /* Assets.xcassets in Resources */ = {isa = PBXBuildFile; fileRef = 172F3334223251C30081B439 /* Assets.xcassets */; };
		172F3338223251C30081B439 /* LaunchScreen.storyboard in Resources */ = {isa = PBXBuildFile; fileRef = 172F3336223251C30081B439 /* LaunchScreen.storyboard */; };
		172F3340223251F60081B439 /* main.swift in Sources */ = {isa = PBXBuildFile; fileRef = 172F333F223251F60081B439 /* main.swift */; };
		172F3342223254930081B439 /* TimerApplication.swift in Sources */ = {isa = PBXBuildFile; fileRef = 172F3341223254930081B439 /* TimerApplication.swift */; };
/* End PBXBuildFile section */

/* Begin PBXFileReference section */
		172F332A223251C20081B439 /* LogOutTimer.app */ = {isa = PBXFileReference; explicitFileType = wrapper.application; includeInIndex = 0; path = LogOutTimer.app; sourceTree = BUILT_PRODUCTS_DIR; };
		172F332D223251C20081B439 /* AppDelegate.swift */ = {isa = PBXFileReference; lastKnownFileType = sourcecode.swift; path = AppDelegate.swift; sourceTree = "<group>"; };
		172F332F223251C20081B439 /* ViewController.swift */ = {isa = PBXFileReference; lastKnownFileType = sourcecode.swift; path = ViewController.swift; sourceTree = "<group>"; };
		172F3332223251C20081B439 /* Base */ = {isa = PBXFileReference; lastKnownFileType = file.storyboard; name = Base; path = Base.lproj/Main.storyboard; sourceTree = "<group>"; };
		172F3334223251C30081B439 /* Assets.xcassets */ = {isa = PBXFileReference; lastKnownFileType = folder.assetcatalog; path = Assets.xcassets; sourceTree = "<group>"; };
		172F3337223251C30081B439 /* Base */ = {isa = PBXFileReference; lastKnownFileType = file.storyboard; name = Base; path = Base.lproj/LaunchScreen.storyboard; sourceTree = "<group>"; };
		172F3339223251C30081B439 /* Info.plist */ = {isa = PBXFileReference; lastKnownFileType = text.plist.xml; path = Info.plist; sourceTree = "<group>"; };
		172F333F223251F60081B439 /* main.swift */ = {isa = PBXFileReference; lastKnownFileType = sourcecode.swift; name = main.swift; path = ../../AndroidStudioProjects/main.swift; sourceTree = "<group>"; };
		172F3341223254930081B439 /* TimerApplication.swift */ = {isa = PBXFileReference; lastKnownFileType = sourcecode.swift; path = TimerApplication.swift; sourceTree = "<group>"; };
/* End PBXFileReference section */

/* Begin PBXFrameworksBuildPhase section */
		172F3327223251C20081B439 /* Frameworks */ = {
			isa = PBXFrameworksBuildPhase;
			buildActionMask = 2147483647;
			files = (
			);
			runOnlyForDeploymentPostprocessing = 0;
		};
/* End PBXFrameworksBuildPhase section */

/* Begin PBXGroup section */
		172F3321223251C20081B439 = {
			isa = PBXGroup;
			children = (
				172F332C223251C20081B439 /* LogOutTimer */,
				172F332B223251C20081B439 /* Products */,
			);
			sourceTree = "<group>";
		};
		172F332B223251C20081B439 /* Products */ = {
			isa = PBXGroup;
			children = (
				172F332A223251C20081B439 /* LogOutTimer.app */,
			);
			name = Products;
			sourceTree = "<group>";
		};
		172F332C223251C20081B439 /* LogOutTimer */ = {
			isa = PBXGroup;
			children = (
				172F333F223251F60081B439 /* main.swift */,
				172F332D223251C20081B439 /* AppDelegate.swift */,
				172F332F223251C20081B439 /* ViewController.swift */,
				172F3331223251C20081B439 /* Main.storyboard */,
				172F3334223251C30081B439 /* Assets.xcassets */,
				172F3336223251C30081B439 /* LaunchScreen.storyboard */,
				172F3339223251C30081B439 /* Info.plist */,
				172F3341223254930081B439 /* TimerApplication.swift */,
			);
			path = LogOutTimer;
			sourceTree = "<group>";
		};
/* End PBXGroup section */

/* Begin PBXNativeTarget section */
		172F3329223251C20081B439 /* LogOutTimer */ = {
			isa = PBXNativeTarget;
			buildConfigurationList = 172F333C223251C30081B439 /* Build configuration list for PBXNativeTarget "LogOutTimer" */;
			buildPhases = (
				172F3326223251C20081B439 /* Sources */,
				172F3327223251C20081B439 /* Frameworks */,
				172F3328223251C20081B439 /* Resources */,
			);
			buildRules = (
			);
			dependencies = (
			);
			name = LogOutTimer;
			productName = LogOutTimer;
			productReference = 172F332A223251C20081B439 /* LogOutTimer.app */;
			productType = "com.apple.product-type.application";
		};
/* End PBXNativeTarget section */

/* Begin PBXProject section */
		172F3322223251C20081B439 /* Project object */ = {
			isa = PBXProject;
			attributes = {
				LastSwiftUpdateCheck = 1010;
				LastUpgradeCheck = 1010;
				ORGANIZATIONNAME = REVS;
				TargetAttributes = {
					172F3329223251C20081B439 = {
						CreatedOnToolsVersion = 10.1;
					};
				};
			};
			buildConfigurationList = 172F3325223251C20081B439 /* Build configuration list for PBXProject "LogOutTimer" */;
			compatibilityVersion = "Xcode 9.3";
			developmentRegion = en;
			hasScannedForEncodings = 0;
			knownRegions = (
				en,
				Base,
			);
			mainGroup = 172F3321223251C20081B439;
			productRefGroup = 172F332B223251C20081B439 /* Products */;
			projectDirPath = "";
			projectRoot = "";
			targets = (
				172F3329223251C20081B439 /* LogOutTimer */,
			);
		};
/* End PBXProject section */

/* Begin PBXResourcesBuildPhase section */
		172F3328223251C20081B439 /* Resources */ = {
			isa = PBXResourcesBuildPhase;
			buildActionMask = 2147483647;
			files = (
				172F3338223251C30081B439 /* LaunchScreen.storyboard in Resources */,
				172F3335223251C30081B439 /* Assets.xcassets in Resources */,
				172F3333223251C20081B439 /* Main.storyboard in Resources */,
			);
			runOnlyForDeploymentPostprocessing = 0;
		};
/* End PBXResourcesBuildPhase section */

/* Begin PBXSourcesBuildPhase section */
		172F3326223251C20081B439 /* Sources */ = {
			isa = PBXSourcesBuildPhase;
			buildActionMask = 2147483647;
			files = (
				172F3330223251C20081B439 /* ViewController.swift in Sources */,
				172F332E223251C20081B439 /* AppDelegate.swift in Sources */,
				172F3342223254930081B439 /* TimerApplication.swift in Sources */,
				172F3340223251F60081B439 /* main.swift in Sources */,
			);
			runOnlyForDeploymentPostprocessing = 0;
		};
/* End PBXSourcesBuildPhase section */

/* Begin PBXVariantGroup section */
		172F3331223251C20081B439 /* Main.storyboard */ = {
			isa = PBXVariantGroup;
			children = (
				172F3332223251C20081B439 /* Base */,
			);
			name = Main.storyboard;
			sourceTree = "<group>";
		};
		172F3336223251C30081B439 /* LaunchScreen.storyboard */ = {
			isa = PBXVariantGroup;
			children = (
				172F3337223251C30081B439 /* Base */,
			);
			name = LaunchScreen.storyboard;
			sourceTree = "<group>";
		};
/* End PBXVariantGroup section */

/* Begin XCBuildConfiguration section */
		172F333A223251C30081B439 /* Debug */ = {
			isa = XCBuildConfiguration;
			buildSettings = {
				ALWAYS_SEARCH_USER_PATHS = NO;
				CLANG_ANALYZER_NONNULL = YES;
				CLANG_ANALYZER_NUMBER_OBJECT_CONVERSION = YES_AGGRESSIVE;
				CLANG_CXX_LANGUAGE_STANDARD = "gnu++14";
				CLANG_CXX_LIBRARY = "libc++";
				CLANG_ENABLE_MODULES = YES;
				CLANG_ENABLE_OBJC_ARC = YES;
				CLANG_ENABLE_OBJC_WEAK = YES;
				CLANG_WARN_BLOCK_CAPTURE_AUTORELEASING = YES;
				CLANG_WARN_BOOL_CONVERSION = YES;
				CLANG_WARN_COMMA = YES;
				CLANG_WARN_CONSTANT_CONVERSION = YES;
				CLANG_WARN_DEPRECATED_OBJC_IMPLEMENTATIONS = YES;
				CLANG_WARN_DIRECT_OBJC_ISA_USAGE = YES_ERROR;
				CLANG_WARN_DOCUMENTATION_COMMENTS = YES;
				CLANG_WARN_EMPTY_BODY = YES;
				CLANG_WARN_ENUM_CONVERSION = YES;
				CLANG_WARN_INFINITE_RECURSION = YES;
				CLANG_WARN_INT_CONVERSION = YES;
				CLANG_WARN_NON_LITERAL_NULL_CONVERSION = YES;
				CLANG_WARN_OBJC_IMPLICIT_RETAIN_SELF = YES;
				CLANG_WARN_OBJC_LITERAL_CONVERSION = YES;
				CLANG_WARN_OBJC_ROOT_CLASS = YES_ERROR;
				CLANG_WARN_RANGE_LOOP_ANALYSIS = YES;
				CLANG_WARN_STRICT_PROTOTYPES = YES;
				CLANG_WARN_SUSPICIOUS_MOVE = YES;
				CLANG_WARN_UNGUARDED_AVAILABILITY = YES_AGGRESSIVE;
				CLANG_WARN_UNREACHABLE_CODE = YES;
				CLANG_WARN__DUPLICATE_METHOD_MATCH = YES;
				CODE_SIGN_IDENTITY = "iPhone Developer";
				COPY_PHASE_STRIP = NO;
				DEBUG_INFORMATION_FORMAT = dwarf;
				ENABLE_STRICT_OBJC_MSGSEND = YES;
				ENABLE_TESTABILITY = YES;
				GCC_C_LANGUAGE_STANDARD = gnu11;
				GCC_DYNAMIC_NO_PIC = NO;
				GCC_NO_COMMON_BLOCKS = YES;
				GCC_OPTIMIZATION_LEVEL = 0;
				GCC_PREPROCESSOR_DEFINITIONS = (
					"DEBUG=1",
					"$(inherited)",
				);
				GCC_WARN_64_TO_32_BIT_CONVERSION = YES;
				GCC_WARN_ABOUT_RETURN_TYPE = YES_ERROR;
				GCC_WARN_UNDECLARED_SELECTOR = YES;
				GCC_WARN_UNINITIALIZED_AUTOS = YES_AGGRESSIVE;
				GCC_WARN_UNUSED_FUNCTION = YES;
				GCC_WARN_UNUSED_VARIABLE = YES;
				IPHONEOS_DEPLOYMENT_TARGET = 12.1;
				MTL_ENABLE_DEBUG_INFO = INCLUDE_SOURCE;
				MTL_FAST_MATH = YES;
				ONLY_ACTIVE_ARCH = YES;
				SDKROOT = iphoneos;
				SWIFT_ACTIVE_COMPILATION_CONDITIONS = DEBUG;
				SWIFT_OPTIMIZATION_LEVEL = "-Onone";
			};
			name = Debug;
		};
		172F333B223251C30081B439 /* Release */ = {
			isa = XCBuildConfiguration;
			buildSettings = {
				ALWAYS_SEARCH_USER_PATHS = NO;
				CLANG_ANALYZER_NONNULL = YES;
				CLANG_ANALYZER_NUMBER_OBJECT_CONVERSION = YES_AGGRESSIVE;
				CLANG_CXX_LANGUAGE_STANDARD = "gnu++14";
				CLANG_CXX_LIBRARY = "libc++";
				CLANG_ENABLE_MODULES = YES;
				CLANG_ENABLE_OBJC_ARC = YES;
				CLANG_ENABLE_OBJC_WEAK = YES;
				CLANG_WARN_BLOCK_CAPTURE_AUTORELEASING = YES;
				CLANG_WARN_BOOL_CONVERSION = YES;
				CLANG_WARN_COMMA = YES;
				CLANG_WARN_CONSTANT_CONVERSION = YES;
				CLANG_WARN_DEPRECATED_OBJC_IMPLEMENTATIONS = YES;
				CLANG_WARN_DIRECT_OBJC_ISA_USAGE = YES_ERROR;
				CLANG_WARN_DOCUMENTATION_COMMENTS = YES;
				CLANG_WARN_EMPTY_BODY = YES;
				CLANG_WARN_ENUM_CONVERSION = YES;
				CLANG_WARN_INFINITE_RECURSION = YES;
				CLANG_WARN_INT_CONVERSION = YES;
				CLANG_WARN_NON_LITERAL_NULL_CONVERSION = YES;
				CLANG_WARN_OBJC_IMPLICIT_RETAIN_SELF = YES;
				CLANG_WARN_OBJC_LITERAL_CONVERSION = YES;
				CLANG_WARN_OBJC_ROOT_CLASS = YES_ERROR;
				CLANG_WARN_RANGE_LOOP_ANALYSIS = YES;
				CLANG_WARN_STRICT_PROTOTYPES = YES;
				CLANG_WARN_SUSPICIOUS_MOVE = YES;
				CLANG_WARN_UNGUARDED_AVAILABILITY = YES_AGGRESSIVE;
				CLANG_WARN_UNREACHABLE_CODE = YES;
				CLANG_WARN__DUPLICATE_METHOD_MATCH = YES;
				CODE_SIGN_IDENTITY = "iPhone Developer";
				COPY_PHASE_STRIP = NO;
				DEBUG_INFORMATION_FORMAT = "dwarf-with-dsym";
				ENABLE_NS_ASSERTIONS = NO;
				ENABLE_STRICT_OBJC_MSGSEND = YES;
				GCC_C_LANGUAGE_STANDARD = gnu11;
				GCC_NO_COMMON_BLOCKS = YES;
				GCC_WARN_64_TO_32_BIT_CONVERSION = YES;
				GCC_WARN_ABOUT_RETURN_TYPE = YES_ERROR;
				GCC_WARN_UNDECLARED_SELECTOR = YES;
				GCC_WARN_UNINITIALIZED_AUTOS = YES_AGGRESSIVE;
				GCC_WARN_UNUSED_FUNCTION = YES;
				GCC_WARN_UNUSED_VARIABLE = YES;
				IPHONEOS_DEPLOYMENT_TARGET = 12.1;
				MTL_ENABLE_DEBUG_INFO = NO;
				MTL_FAST_MATH = YES;
				SDKROOT = iphoneos;
				SWIFT_COMPILATION_MODE = wholemodule;
				SWIFT_OPTIMIZATION_LEVEL = "-O";
				VALIDATE_PRODUCT = YES;
			};
			name = Release;
		};
		172F333D223251C30081B439 /* Debug */ = {
			isa = XCBuildConfiguration;
			buildSettings = {
				ASSETCATALOG_COMPILER_APPICON_NAME = AppIcon;
				CODE_SIGN_STYLE = Automatic;
				INFOPLIST_FILE = LogOutTimer/Info.plist;
				LD_RUNPATH_SEARCH_PATHS = (
					"$(inherited)",
					"@executable_path/Frameworks",
				);
				PRODUCT_BUNDLE_IDENTIFIER = nl.revs.LogOutTimer;
				PRODUCT_NAME = "$(TARGET_NAME)";
				SWIFT_VERSION = 4.2;
				TARGETED_DEVICE_FAMILY = "1,2";
			};
			name = Debug;
		};
		172F333E223251C30081B439 /* Release */ = {
			isa = XCBuildConfiguration;
			buildSettings = {
				ASSETCATALOG_COMPILER_APPICON_NAME = AppIcon;
				CODE_SIGN_STYLE = Automatic;
				INFOPLIST_FILE = LogOutTimer/Info.plist;
				LD_RUNPATH_SEARCH_PATHS = (
					"$(inherited)",
					"@executable_path/Frameworks",
				);
				PRODUCT_BUNDLE_IDENTIFIER = nl.revs.LogOutTimer;
				PRODUCT_NAME = "$(TARGET_NAME)";
				SWIFT_VERSION = 4.2;
				TARGETED_DEVICE_FAMILY = "1,2";
			};
			name = Release;
		};
/* End XCBuildConfiguration section */

/* Begin XCConfigurationList section */
		172F3325223251C20081B439 /* Build configuration list for PBXProject "LogOutTimer" */ = {
			isa = XCConfigurationList;
			buildConfigurations = (
				172F333A223251C30081B439 /* Debug */,
				172F333B223251C30081B439 /* Release */,
			);
			defaultConfigurationIsVisible = 0;
			defaultConfigurationName = Release;
		};
		172F333C223251C30081B439 /* Build configuration list for PBXNativeTarget "LogOutTimer" */ = {
			isa = XCConfigurationList;
			buildConfigurations = (
				172F333D223251C30081B439 /* Debug */,
				172F333E223251C30081B439 /* Release */,
			);
			defaultConfigurationIsVisible = 0;
			defaultConfigurationName = Release;
		};
/* End XCConfigurationList section */
	};
	rootObject = 172F3322223251C20081B439 /* Project object */;
}
